
Microsoft Visual Studio Solution File, Format Version 12.00
# Visual Studio Version 17
VisualStudioVersion = 17.5.002.0
MinimumVisualStudioVersion = 10.0.40219.1
Project("{9A19103F-16F7-4668-BE54-9A1E7A4F7556}") = "newlab26", "newlab26.csproj", "{7DA02370-493B-4DE2-9793-8128EFF2B818}"
EndProject
Global
	GlobalSection(SolutionConfigurationPlatforms) = preSolution
		Debug|Any CPU = Debug|Any CPU
		Release|Any CPU = Release|Any CPU
	EndGlobalSection
	GlobalSection(ProjectConfigurationPlatforms) = postSolution
		{7DA02370-493B-4DE2-9793-8128EFF2B818}.Debug|Any CPU.ActiveCfg = Debug|Any CPU
		{7DA02370-493B-4DE2-9793-8128EFF2B818}.Debug|Any CPU.Build.0 = Debug|Any CPU
		{7DA02370-493B-4DE2-9793-8128EFF2B818}.Release|Any CPU.ActiveCfg = Release|Any CPU
		{7DA02370-493B-4DE2-9793-8128EFF2B818}.Release|Any CPU.Build.0 = Release|Any CPU
	EndGlobalSection
	GlobalSection(SolutionProperties) = preSolution
		HideSolutionNode = FALSE
	EndGlobalSection
	GlobalSection(ExtensibilityGlobals) = postSolution
		SolutionGuid = {9DE7FC82-5C96-478B-A628-DCEE0F6E1A38}
	EndGlobalSection
EndGlobal
