
Microsoft Visual Studio Solution File, Format Version 12.00
# Visual Studio Version 16
VisualStudioVersion = 25.0.1706.4
MinimumVisualStudioVersion = 10.0.40219.1
Project("{FAE04EC0-301F-11D3-BF4B-00C04F79EFBC}") = "newlab1", "newlab1\newlab1.csproj", "{3B059711-E879-409A-BA14-A2C22583B8EB}"
EndProject
Global
	GlobalSection(SolutionConfigurationPlatforms) = preSolution
		Debug|Any CPU = Debug|Any CPU
		Release|Any CPU = Release|Any CPU
	EndGlobalSection
	GlobalSection(ProjectConfigurationPlatforms) = postSolution
		{3B059711-E879-409A-BA14-A2C22583B8EB}.Debug|Any CPU.ActiveCfg = Debug|Any CPU
		{3B059711-E879-409A-BA14-A2C22583B8EB}.Debug|Any CPU.Build.0 = Debug|Any CPU
		{3B059711-E879-409A-BA14-A2C22583B8EB}.Release|Any CPU.ActiveCfg = Release|Any CPU
		{3B059711-E879-409A-BA14-A2C22583B8EB}.Release|Any CPU.Build.0 = Release|Any CPU
	EndGlobalSection
	GlobalSection(SolutionProperties) = preSolution
		HideSolutionNode = FALSE
	EndGlobalSection
	GlobalSection(ExtensibilityGlobals) = postSolution
		SolutionGuid = {8C30383A-CF12-4885-945E-E4B1A7A42E7A}
	EndGlobalSection
EndGlobal
