
Microsoft Visual Studio Solution File, Format Version 12.00
# Visual Studio Version 16
VisualStudioVersion = 25.0.1706.4
MinimumVisualStudioVersion = 10.0.40219.1
Project("{FAE04EC0-301F-11D3-BF4B-00C04F79EFBC}") = "newlab2", "newlab2\newlab2.csproj", "{BDC677F9-5AA6-4519-9780-50D0EBA068A3}"
EndProject
Project("{2150E333-8FDC-42A3-9474-1A3956D46DE8}") = "Элементы решения", "Элементы решения", "{24E797B7-A6B1-4FD5-A52F-A55E53140276}"
	ProjectSection(SolutionItems) = preProject
		.editorconfig = .editorconfig
	EndProjectSection
EndProject
Global
	GlobalSection(SolutionConfigurationPlatforms) = preSolution
		Debug|Any CPU = Debug|Any CPU
		Release|Any CPU = Release|Any CPU
	EndGlobalSection
	GlobalSection(ProjectConfigurationPlatforms) = postSolution
		{BDC677F9-5AA6-4519-9780-50D0EBA068A3}.Debug|Any CPU.ActiveCfg = Debug|Any CPU
		{BDC677F9-5AA6-4519-9780-50D0EBA068A3}.Debug|Any CPU.Build.0 = Debug|Any CPU
		{BDC677F9-5AA6-4519-9780-50D0EBA068A3}.Release|Any CPU.ActiveCfg = Release|Any CPU
		{BDC677F9-5AA6-4519-9780-50D0EBA068A3}.Release|Any CPU.Build.0 = Release|Any CPU
	EndGlobalSection
	GlobalSection(SolutionProperties) = preSolution
		HideSolutionNode = FALSE
	EndGlobalSection
	GlobalSection(ExtensibilityGlobals) = postSolution
		SolutionGuid = {22965F11-5077-4344-A11D-CA6289945000}
	EndGlobalSection
EndGlobal
